{
  "name": "ts_editor_inference_bug",
  "version": "1.0.0",
  "lockfileVersion": 2,
  "requires": true,
  "packages": {
    "": {
      "name": "ts_editor_inference_bug",
      "version": "1.0.0",
      "license": "ISC",
      "dependencies": {
        "@effect/core": "^0.0.11",
        "@tsplus/stdlib": "^0.2.5"
      },
      "devDependencies": {
        "typescript": "^4.7.4"
      }
    },
    "node_modules/@effect/core": {
      "version": "0.0.11",
      "resolved": "https://registry.npmjs.org/@effect/core/-/core-0.0.11.tgz",
      "integrity": "sha512-KgC6rcxRZcgl1MuVnVJM/W6Hd9J95bpUo4PfZADjmP3eJhM9EAqlrI2y1+x0aGyOUdZmsdoWwMgw/vUPnjHzQg==",
      "dependencies": {
        "@tsplus/stdlib": "^0.2.5"
      }
    },
    "node_modules/@tsplus/stdlib": {
      "version": "0.2.5",
      "resolved": "https://registry.npmjs.org/@tsplus/stdlib/-/stdlib-0.2.5.tgz",
      "integrity": "sha512-F69nfSSs9zZcTvDDadNPj5KzbOu7BH6O/8czW7sU4IMUhFkvFG5JWQ8Hm+TyuG7woYXu77E/d87Ovw1QJ7VFPQ=="
    },
    "node_modules/typescript": {
      "version": "4.7.4",
      "resolved": "https://registry.npmjs.org/typescript/-/typescript-4.7.4.tgz",
      "integrity": "sha512-C0WQT0gezHuw6AdY1M2jxUO83Rjf0HP7Sk1DtXj6j1EwkQNZrHAg2XPWlq62oqEhYvONq5pkC2Y9oPljWToLmQ==",
      "dev": true,
      "bin": {
        "tsc": "bin/tsc",
        "tsserver": "bin/tsserver"
      },
      "engines": {
        "node": ">=4.2.0"
      }
    }
  },
  "dependencies": {
    "@effect/core": {
      "version": "0.0.11",
      "resolved": "https://registry.npmjs.org/@effect/core/-/core-0.0.11.tgz",
      "integrity": "sha512-KgC6rcxRZcgl1MuVnVJM/W6Hd9J95bpUo4PfZADjmP3eJhM9EAqlrI2y1+x0aGyOUdZmsdoWwMgw/vUPnjHzQg==",
      "requires": {
        "@tsplus/stdlib": "^0.2.5"
      }
    },
    "@tsplus/stdlib": {
      "version": "0.2.5",
      "resolved": "https://registry.npmjs.org/@tsplus/stdlib/-/stdlib-0.2.5.tgz",
      "integrity": "sha512-F69nfSSs9zZcTvDDadNPj5KzbOu7BH6O/8czW7sU4IMUhFkvFG5JWQ8Hm+TyuG7woYXu77E/d87Ovw1QJ7VFPQ=="
    },
    "typescript": {
      "version": "4.7.4",
      "resolved": "https://registry.npmjs.org/typescript/-/typescript-4.7.4.tgz",
      "integrity": "sha512-C0WQT0gezHuw6AdY1M2jxUO83Rjf0HP7Sk1DtXj6j1EwkQNZrHAg2XPWlq62oqEhYvONq5pkC2Y9oPljWToLmQ==",
      "dev": true
    }
  }
}
